{
  "version": 4,
  "terraform_version": "1.8.5",
  "serial": 62,
  "lineage": "a10ff1d6-5a51-cd9a-26cf-c3e7012d9495",
  "outputs": {},
  "resources": [
    {
      "mode": "managed",
      "type": "azurerm_policy_definition",
      "name": "deny_resources",
      "provider": "provider[\"registry.terraform.io/hashicorp/azurerm\"]",
      "instances": [
        {
          "schema_version": 0,
          "attributes": {
            "description": "",
            "display_name": "Deny All Resources Except VMs and Storage",
            "id": "/subscriptions/03fd5f14-f166-4b6e-8829-3b6432cdfeff/providers/Microsoft.Authorization/policyDefinitions/deny-all-other-resources",
            "management_group_id": "",
            "metadata": "{\"createdBy\":\"f970ccca-a2cc-4017-b3f6-5f9dd4d0b2f8\",\"createdOn\":\"2025-05-19T10:23:44.0140738Z\",\"updatedBy\":null,\"updatedOn\":null}",
            "mode": "Indexed",
            "name": "deny-all-other-resources",
            "parameters": "",
            "policy_rule": "{\"if\":{\"allOf\":[{\"not\":{\"field\":\"type\",\"in\":[\"Microsoft.Compute/virtualMachines\",\"Microsoft.Storage/storageAccounts\"]}}]},\"then\":{\"effect\":\"deny\"}}",
            "policy_type": "Custom",
            "role_definition_ids": [],
            "timeouts": null
          },
          "sensitive_attributes": [],
          "private": "eyJlMmJmYjczMC1lY2FhLTExZTYtOGY4OC0zNDM2M2JjN2M0YzAiOnsiY3JlYXRlIjoxODAwMDAwMDAwMDAwLCJkZWxldGUiOjE4MDAwMDAwMDAwMDAsInJlYWQiOjMwMDAwMDAwMDAwMCwidXBkYXRlIjoxODAwMDAwMDAwMDAwfX0="
        }
      ]
    },
    {
      "mode": "managed",
      "type": "azurerm_policy_definition",
      "name": "storage_policy",
      "provider": "provider[\"registry.terraform.io/hashicorp/azurerm\"]",
      "instances": [
        {
          "schema_version": 0,
          "attributes": {
            "description": "",
            "display_name": "Allow Only Storage Accounts in Central India",
            "id": "/subscriptions/03fd5f14-f166-4b6e-8829-3b6432cdfeff/providers/Microsoft.Authorization/policyDefinitions/storage-accounts-central-india-only",
            "management_group_id": "",
            "metadata": "{\"createdBy\":\"f970ccca-a2cc-4017-b3f6-5f9dd4d0b2f8\",\"createdOn\":\"2025-05-19T08:50:17.9315429Z\",\"updatedBy\":\"f970ccca-a2cc-4017-b3f6-5f9dd4d0b2f8\",\"updatedOn\":\"2025-05-19T09:38:22.0094788Z\"}",
            "mode": "Indexed",
            "name": "storage-accounts-central-india-only",
            "parameters": "",
            "policy_rule": "{\"if\":{\"not\":{\"allOf\":[{\"equals\":\"Microsoft.Storage/storageAccounts\",\"field\":\"type\"},{\"equals\":\"centralindia\",\"field\":\"location\"}]}},\"then\":{\"effect\":\"deny\"}}",
            "policy_type": "Custom",
            "role_definition_ids": [],
            "timeouts": null
          },
          "sensitive_attributes": [],
          "private": "eyJlMmJmYjczMC1lY2FhLTExZTYtOGY4OC0zNDM2M2JjN2M0YzAiOnsiY3JlYXRlIjoxODAwMDAwMDAwMDAwLCJkZWxldGUiOjE4MDAwMDAwMDAwMDAsInJlYWQiOjMwMDAwMDAwMDAwMCwidXBkYXRlIjoxODAwMDAwMDAwMDAwfX0="
        }
      ]
    },
    {
      "mode": "managed",
      "type": "azurerm_policy_definition",
      "name": "vm_policy",
      "provider": "provider[\"registry.terraform.io/hashicorp/azurerm\"]",
      "instances": [
        {
          "schema_version": 0,
          "attributes": {
            "description": "",
            "display_name": "Allow Only VMs in Central India",
            "id": "/subscriptions/03fd5f14-f166-4b6e-8829-3b6432cdfeff/providers/Microsoft.Authorization/policyDefinitions/vm-resources",
            "management_group_id": "",
            "metadata": "{\"createdBy\":\"f970ccca-a2cc-4017-b3f6-5f9dd4d0b2f8\",\"createdOn\":\"2025-05-19T08:50:17.780396Z\",\"updatedBy\":\"f970ccca-a2cc-4017-b3f6-5f9dd4d0b2f8\",\"updatedOn\":\"2025-05-19T09:38:21.7080234Z\"}",
            "mode": "Indexed",
            "name": "vm-resources",
            "parameters": "",
            "policy_rule": "{\"if\":{\"not\":{\"allOf\":[{\"equals\":\"Microsoft.Compute/virtualMachines\",\"field\":\"type\"},{\"equals\":\"centralindia\",\"field\":\"location\"}]}},\"then\":{\"effect\":\"deny\"}}",
            "policy_type": "Custom",
            "role_definition_ids": [],
            "timeouts": null
          },
          "sensitive_attributes": [],
          "private": "eyJlMmJmYjczMC1lY2FhLTExZTYtOGY4OC0zNDM2M2JjN2M0YzAiOnsiY3JlYXRlIjoxODAwMDAwMDAwMDAwLCJkZWxldGUiOjE4MDAwMDAwMDAwMDAsInJlYWQiOjMwMDAwMDAwMDAwMCwidXBkYXRlIjoxODAwMDAwMDAwMDAwfX0="
        }
      ]
    },
    {
      "mode": "managed",
      "type": "azurerm_subscription_policy_assignment",
      "name": "deny_all_other_resources_assignment",
      "provider": "provider[\"registry.terraform.io/hashicorp/azurerm\"]",
      "instances": [
        {
          "schema_version": 0,
          "attributes": {
            "description": "",
            "display_name": "Policy: Deny All Resources",
            "enforce": true,
            "id": "/subscriptions/03fd5f14-f166-4b6e-8829-3b6432cdfeff/providers/Microsoft.Authorization/policyAssignments/assign-deny-all-other-resources",
            "identity": [],
            "location": "",
            "metadata": "{\"createdBy\":\"f970ccca-a2cc-4017-b3f6-5f9dd4d0b2f8\",\"createdOn\":\"2025-05-19T10:25:44.2458878Z\",\"updatedBy\":null,\"updatedOn\":null}",
            "name": "assign-deny-all-other-resources",
            "non_compliance_message": [],
            "not_scopes": null,
            "overrides": [],
            "parameters": "",
            "policy_definition_id": "/subscriptions/03fd5f14-f166-4b6e-8829-3b6432cdfeff/providers/Microsoft.Authorization/policyDefinitions/deny-all-other-resources",
            "resource_selectors": [],
            "subscription_id": "/subscriptions/03fd5f14-f166-4b6e-8829-3b6432cdfeff",
            "timeouts": null
          },
          "sensitive_attributes": [],
          "private": "eyJlMmJmYjczMC1lY2FhLTExZTYtOGY4OC0zNDM2M2JjN2M0YzAiOnsiY3JlYXRlIjoxODAwMDAwMDAwMDAwLCJkZWxldGUiOjE4MDAwMDAwMDAwMDAsInJlYWQiOjMwMDAwMDAwMDAwMCwidXBkYXRlIjoxODAwMDAwMDAwMDAwfX0=",
          "dependencies": [
            "azurerm_policy_definition.deny_resources"
          ]
        }
      ]
    },
    {
      "mode": "managed",
      "type": "azurerm_subscription_policy_assignment",
      "name": "storage_policy_assignment",
      "provider": "provider[\"registry.terraform.io/hashicorp/azurerm\"]",
      "instances": [
        {
          "schema_version": 0,
          "attributes": {
            "description": "",
            "display_name": "Policy: Allow Only Storage Accounts in Central India",
            "enforce": true,
            "id": "/subscriptions/03fd5f14-f166-4b6e-8829-3b6432cdfeff/providers/Microsoft.Authorization/policyAssignments/assign-restrict-storage",
            "identity": [],
            "location": "",
            "metadata": "{\"createdBy\":\"f970ccca-a2cc-4017-b3f6-5f9dd4d0b2f8\",\"createdOn\":\"2025-05-19T08:52:57.5482154Z\",\"updatedBy\":null,\"updatedOn\":null}",
            "name": "assign-restrict-storage",
            "non_compliance_message": [],
            "not_scopes": [],
            "overrides": [],
            "parameters": "",
            "policy_definition_id": "/subscriptions/03fd5f14-f166-4b6e-8829-3b6432cdfeff/providers/Microsoft.Authorization/policyDefinitions/storage-accounts-central-india-only",
            "resource_selectors": [],
            "subscription_id": "/subscriptions/03fd5f14-f166-4b6e-8829-3b6432cdfeff",
            "timeouts": null
          },
          "sensitive_attributes": [],
          "private": "eyJlMmJmYjczMC1lY2FhLTExZTYtOGY4OC0zNDM2M2JjN2M0YzAiOnsiY3JlYXRlIjoxODAwMDAwMDAwMDAwLCJkZWxldGUiOjE4MDAwMDAwMDAwMDAsInJlYWQiOjMwMDAwMDAwMDAwMCwidXBkYXRlIjoxODAwMDAwMDAwMDAwfX0=",
          "dependencies": [
            "azurerm_policy_definition.storage_policy"
          ]
        }
      ]
    },
    {
      "mode": "managed",
      "type": "azurerm_subscription_policy_assignment",
      "name": "vm_policy_assignment",
      "provider": "provider[\"registry.terraform.io/hashicorp/azurerm\"]",
      "instances": [
        {
          "schema_version": 0,
          "attributes": {
            "description": "",
            "display_name": "Policy: Allow Only VMs in Central India",
            "enforce": true,
            "id": "/subscriptions/03fd5f14-f166-4b6e-8829-3b6432cdfeff/providers/Microsoft.Authorization/policyAssignments/assign-restrict-vm",
            "identity": [],
            "location": "",
            "metadata": "{\"createdBy\":\"f970ccca-a2cc-4017-b3f6-5f9dd4d0b2f8\",\"createdOn\":\"2025-05-19T08:52:59.5281004Z\",\"updatedBy\":null,\"updatedOn\":null}",
            "name": "assign-restrict-vm",
            "non_compliance_message": [],
            "not_scopes": [],
            "overrides": [],
            "parameters": "",
            "policy_definition_id": "/subscriptions/03fd5f14-f166-4b6e-8829-3b6432cdfeff/providers/Microsoft.Authorization/policyDefinitions/vm-resources",
            "resource_selectors": [],
            "subscription_id": "/subscriptions/03fd5f14-f166-4b6e-8829-3b6432cdfeff",
            "timeouts": null
          },
          "sensitive_attributes": [],
          "private": "eyJlMmJmYjczMC1lY2FhLTExZTYtOGY4OC0zNDM2M2JjN2M0YzAiOnsiY3JlYXRlIjoxODAwMDAwMDAwMDAwLCJkZWxldGUiOjE4MDAwMDAwMDAwMDAsInJlYWQiOjMwMDAwMDAwMDAwMCwidXBkYXRlIjoxODAwMDAwMDAwMDAwfX0=",
          "dependencies": [
            "azurerm_policy_definition.vm_policy"
          ]
        }
      ]
    }
  ],
  "check_results": null
}
