{
  "version": 4,
  "terraform_version": "1.9.5",
  "serial": 7,
  "lineage": "eef1e7dd-2b6a-18ed-4424-69b70be7b10f",
  "outputs": {},
  "resources": [
    {
      "mode": "data",
      "type": "azurerm_client_config",
      "name": "current",
      "provider": "provider[\"registry.terraform.io/hashicorp/azurerm\"]",
      "instances": [
        {
          "schema_version": 0,
          "attributes": {
            "client_id": "04b07795-8ddb-461a-bbee-02f9e1bf7b46",
            "id": "Y2xpZW50Q29uZmlncy9jbGllbnRJZD0wNGIwNzc5NS04ZGRiLTQ2MWEtYmJlZS0wMmY5ZTFiZjdiNDY7b2JqZWN0SWQ9Y2Y5NmM1ZjQtYTBlZC00NjMxLWJkYTQtMDQ3YzQ0NTdmODJlO3N1YnNjcmlwdGlvbklkPTAzZmQ1ZjE0LWYxNjYtNGI2ZS04ODI5LTNiNjQzMmNkZmVmZjt0ZW5hbnRJZD03MjdkMGVlOS00ZWYwLTRiNDQtYjA4My1lODVjZmJhMDE0MjE=",
            "object_id": "cf96c5f4-a0ed-4631-bda4-047c4457f82e",
            "subscription_id": "03fd5f14-f166-4b6e-8829-3b6432cdfeff",
            "tenant_id": "727d0ee9-4ef0-4b44-b083-e85cfba01421",
            "timeouts": null
          },
          "sensitive_attributes": []
        }
      ]
    },
    {
      "mode": "managed",
      "type": "azuread_user",
      "name": "new_user",
      "provider": "provider[\"registry.terraform.io/hashicorp/azuread\"]",
      "instances": [
        {
          "index_key": "user4@rajesh153929gmail.onmicrosoft.com",
          "schema_version": 1,
          "attributes": {
            "about_me": "",
            "account_enabled": true,
            "age_group": "",
            "business_phones": [],
            "city": "",
            "company_name": "",
            "consent_provided_for_minor": "",
            "cost_center": "",
            "country": "",
            "creation_type": "",
            "department": "",
            "disable_password_expiration": false,
            "disable_strong_password": false,
            "display_name": "user 4",
            "division": "",
            "employee_hire_date": "",
            "employee_id": "",
            "employee_type": "",
            "external_user_state": "",
            "fax_number": "",
            "force_password_change": false,
            "given_name": "",
            "id": "/users/c211445d-d0fb-417d-ae7c-559a73a18947",
            "im_addresses": [],
            "job_title": "",
            "mail": "",
            "mail_nickname": "Testuser1",
            "manager_id": "",
            "mobile_phone": "",
            "object_id": "c211445d-d0fb-417d-ae7c-559a73a18947",
            "office_location": "",
            "onpremises_distinguished_name": "",
            "onpremises_domain_name": "",
            "onpremises_immutable_id": "",
            "onpremises_sam_account_name": "",
            "onpremises_security_identifier": "",
            "onpremises_sync_enabled": false,
            "onpremises_user_principal_name": "",
            "other_mails": null,
            "password": "password@123",
            "postal_code": "",
            "preferred_language": "",
            "proxy_addresses": [],
            "show_in_address_list": true,
            "state": "",
            "street_address": "",
            "surname": "",
            "timeouts": null,
            "usage_location": "",
            "user_principal_name": "user4@rajesh153929gmail.onmicrosoft.com",
            "user_type": ""
          },
          "sensitive_attributes": [
            [
              {
                "type": "get_attr",
                "value": "password"
              }
            ]
          ],
          "private": "eyJlMmJmYjczMC1lY2FhLTExZTYtOGY4OC0zNDM2M2JjN2M0YzAiOnsiY3JlYXRlIjozMDAwMDAwMDAwMDAsImRlbGV0ZSI6MzAwMDAwMDAwMDAwLCJyZWFkIjozMDAwMDAwMDAwMDAsInVwZGF0ZSI6MzAwMDAwMDAwMDAwfSwic2NoZW1hX3ZlcnNpb24iOiIxIn0="
        },
        {
          "index_key": "user5@rajesh153929gmail.onmicrosoft.com",
          "schema_version": 1,
          "attributes": {
            "about_me": "",
            "account_enabled": true,
            "age_group": "",
            "business_phones": [],
            "city": "",
            "company_name": "",
            "consent_provided_for_minor": "",
            "cost_center": "",
            "country": "",
            "creation_type": "",
            "department": "",
            "disable_password_expiration": false,
            "disable_strong_password": false,
            "display_name": "user 5",
            "division": "",
            "employee_hire_date": "",
            "employee_id": "",
            "employee_type": "",
            "external_user_state": "",
            "fax_number": "",
            "force_password_change": false,
            "given_name": "",
            "id": "/users/65fd65c6-1f42-4458-8a0c-35d26db8061d",
            "im_addresses": [],
            "job_title": "",
            "mail": "",
            "mail_nickname": "Testuser2",
            "manager_id": "",
            "mobile_phone": "",
            "object_id": "65fd65c6-1f42-4458-8a0c-35d26db8061d",
            "office_location": "",
            "onpremises_distinguished_name": "",
            "onpremises_domain_name": "",
            "onpremises_immutable_id": "",
            "onpremises_sam_account_name": "",
            "onpremises_security_identifier": "",
            "onpremises_sync_enabled": false,
            "onpremises_user_principal_name": "",
            "other_mails": null,
            "password": "password@456",
            "postal_code": "",
            "preferred_language": "",
            "proxy_addresses": [],
            "show_in_address_list": true,
            "state": "",
            "street_address": "",
            "surname": "",
            "timeouts": null,
            "usage_location": "",
            "user_principal_name": "user5@rajesh153929gmail.onmicrosoft.com",
            "user_type": ""
          },
          "sensitive_attributes": [
            [
              {
                "type": "get_attr",
                "value": "password"
              }
            ]
          ],
          "private": "eyJlMmJmYjczMC1lY2FhLTExZTYtOGY4OC0zNDM2M2JjN2M0YzAiOnsiY3JlYXRlIjozMDAwMDAwMDAwMDAsImRlbGV0ZSI6MzAwMDAwMDAwMDAwLCJyZWFkIjozMDAwMDAwMDAwMDAsInVwZGF0ZSI6MzAwMDAwMDAwMDAwfSwic2NoZW1hX3ZlcnNpb24iOiIxIn0="
        },
        {
          "index_key": "user6@rajesh153929gmail.onmicrosoft.com",
          "schema_version": 1,
          "attributes": {
            "about_me": "",
            "account_enabled": true,
            "age_group": "",
            "business_phones": [],
            "city": "",
            "company_name": "",
            "consent_provided_for_minor": "",
            "cost_center": "",
            "country": "",
            "creation_type": "",
            "department": "",
            "disable_password_expiration": false,
            "disable_strong_password": false,
            "display_name": "user 6",
            "division": "",
            "employee_hire_date": "",
            "employee_id": "",
            "employee_type": "",
            "external_user_state": "",
            "fax_number": "",
            "force_password_change": false,
            "given_name": "",
            "id": "/users/7fc84776-a2ef-489a-b7d3-33fe62451c59",
            "im_addresses": [],
            "job_title": "",
            "mail": "",
            "mail_nickname": "Testuser3",
            "manager_id": "",
            "mobile_phone": "",
            "object_id": "7fc84776-a2ef-489a-b7d3-33fe62451c59",
            "office_location": "",
            "onpremises_distinguished_name": "",
            "onpremises_domain_name": "",
            "onpremises_immutable_id": "",
            "onpremises_sam_account_name": "",
            "onpremises_security_identifier": "",
            "onpremises_sync_enabled": false,
            "onpremises_user_principal_name": "",
            "other_mails": null,
            "password": "password@789",
            "postal_code": "",
            "preferred_language": "",
            "proxy_addresses": [],
            "show_in_address_list": true,
            "state": "",
            "street_address": "",
            "surname": "",
            "timeouts": null,
            "usage_location": "",
            "user_principal_name": "user6@rajesh153929gmail.onmicrosoft.com",
            "user_type": ""
          },
          "sensitive_attributes": [
            [
              {
                "type": "get_attr",
                "value": "password"
              }
            ]
          ],
          "private": "eyJlMmJmYjczMC1lY2FhLTExZTYtOGY4OC0zNDM2M2JjN2M0YzAiOnsiY3JlYXRlIjozMDAwMDAwMDAwMDAsImRlbGV0ZSI6MzAwMDAwMDAwMDAwLCJyZWFkIjozMDAwMDAwMDAwMDAsInVwZGF0ZSI6MzAwMDAwMDAwMDAwfSwic2NoZW1hX3ZlcnNpb24iOiIxIn0="
        }
      ]
    },
    {
      "mode": "managed",
      "type": "azurerm_role_assignment",
      "name": "contributor_assignments",
      "provider": "provider[\"registry.terraform.io/hashicorp/azurerm\"]",
      "instances": [
        {
          "index_key": "user4@rajesh153929gmail.onmicrosoft.com",
          "schema_version": 0,
          "attributes": {
            "condition": "",
            "condition_version": "",
            "delegated_managed_identity_resource_id": "",
            "description": "",
            "id": "/subscriptions/03fd5f14-f166-4b6e-8829-3b6432cdfeff/providers/Microsoft.Authorization/roleAssignments/ecf53df2-e801-90e6-aab6-94928a3ef245",
            "name": "ecf53df2-e801-90e6-aab6-94928a3ef245",
            "principal_id": "c211445d-d0fb-417d-ae7c-559a73a18947",
            "principal_type": "User",
            "role_definition_id": "/subscriptions/03fd5f14-f166-4b6e-8829-3b6432cdfeff/providers/Microsoft.Authorization/roleDefinitions/b24988ac-6180-42a0-ab88-20f7382dd24c",
            "role_definition_name": "Contributor",
            "scope": "/subscriptions/03fd5f14-f166-4b6e-8829-3b6432cdfeff",
            "skip_service_principal_aad_check": null,
            "timeouts": null
          },
          "sensitive_attributes": [],
          "private": "eyJlMmJmYjczMC1lY2FhLTExZTYtOGY4OC0zNDM2M2JjN2M0YzAiOnsiY3JlYXRlIjoxODAwMDAwMDAwMDAwLCJkZWxldGUiOjE4MDAwMDAwMDAwMDAsInJlYWQiOjMwMDAwMDAwMDAwMH19",
          "dependencies": [
            "azuread_user.new_user",
            "data.azurerm_client_config.current"
          ]
        },
        {
          "index_key": "user5@rajesh153929gmail.onmicrosoft.com",
          "schema_version": 0,
          "attributes": {
            "condition": "",
            "condition_version": "",
            "delegated_managed_identity_resource_id": "",
            "description": "",
            "id": "/subscriptions/03fd5f14-f166-4b6e-8829-3b6432cdfeff/providers/Microsoft.Authorization/roleAssignments/dcbeea1c-0412-4b8c-25f7-614246e16b9e",
            "name": "dcbeea1c-0412-4b8c-25f7-614246e16b9e",
            "principal_id": "65fd65c6-1f42-4458-8a0c-35d26db8061d",
            "principal_type": "User",
            "role_definition_id": "/subscriptions/03fd5f14-f166-4b6e-8829-3b6432cdfeff/providers/Microsoft.Authorization/roleDefinitions/b24988ac-6180-42a0-ab88-20f7382dd24c",
            "role_definition_name": "Contributor",
            "scope": "/subscriptions/03fd5f14-f166-4b6e-8829-3b6432cdfeff",
            "skip_service_principal_aad_check": null,
            "timeouts": null
          },
          "sensitive_attributes": [],
          "private": "eyJlMmJmYjczMC1lY2FhLTExZTYtOGY4OC0zNDM2M2JjN2M0YzAiOnsiY3JlYXRlIjoxODAwMDAwMDAwMDAwLCJkZWxldGUiOjE4MDAwMDAwMDAwMDAsInJlYWQiOjMwMDAwMDAwMDAwMH19",
          "dependencies": [
            "azuread_user.new_user",
            "data.azurerm_client_config.current"
          ]
        },
        {
          "index_key": "user6@rajesh153929gmail.onmicrosoft.com",
          "schema_version": 0,
          "attributes": {
            "condition": "",
            "condition_version": "",
            "delegated_managed_identity_resource_id": "",
            "description": "",
            "id": "/subscriptions/03fd5f14-f166-4b6e-8829-3b6432cdfeff/providers/Microsoft.Authorization/roleAssignments/9cdad87c-7326-b618-3a03-64755f2eb3d0",
            "name": "9cdad87c-7326-b618-3a03-64755f2eb3d0",
            "principal_id": "7fc84776-a2ef-489a-b7d3-33fe62451c59",
            "principal_type": "User",
            "role_definition_id": "/subscriptions/03fd5f14-f166-4b6e-8829-3b6432cdfeff/providers/Microsoft.Authorization/roleDefinitions/b24988ac-6180-42a0-ab88-20f7382dd24c",
            "role_definition_name": "Contributor",
            "scope": "/subscriptions/03fd5f14-f166-4b6e-8829-3b6432cdfeff",
            "skip_service_principal_aad_check": null,
            "timeouts": null
          },
          "sensitive_attributes": [],
          "private": "eyJlMmJmYjczMC1lY2FhLTExZTYtOGY4OC0zNDM2M2JjN2M0YzAiOnsiY3JlYXRlIjoxODAwMDAwMDAwMDAwLCJkZWxldGUiOjE4MDAwMDAwMDAwMDAsInJlYWQiOjMwMDAwMDAwMDAwMH19",
          "dependencies": [
            "azuread_user.new_user",
            "data.azurerm_client_config.current"
          ]
        }
      ]
    }
  ],
  "check_results": null
}
